
Microsoft Visual Studio Solution File, Format Version 12.00
# Visual Studio Version 17
VisualStudioVersion = 17.2.32616.157
MinimumVisualStudioVersion = 10.0.40219.1
Project("{2150E333-8FDC-42A3-9474-1A3956D46DE8}") = "src", "src", "{CE6E219A-2834-4A3F-95FB-B6C3DE0F7623}"
EndProject
Project("{FAE04EC0-301F-11D3-BF4B-00C04F79EFBC}") = "TemplateMethod", "src\TemplateMethod\TemplateMethod.csproj", "{67A9A365-9A48-4829-AE9F-48B2493822D6}"
EndProject
Project("{FAE04EC0-301F-11D3-BF4B-00C04F79EFBC}") = "State", "src\State\State.csproj", "{31FA11F2-31F5-4B54-A870-3D381CD91030}"
EndProject
Project("{FAE04EC0-301F-11D3-BF4B-00C04F79EFBC}") = "Strategy", "src\Strategy\Strategy\Strategy.csproj", "{93E8A5B2-A353-424B-A36C-678024A6C9B4}"
EndProject
Project("{FAE04EC0-301F-11D3-BF4B-00C04F79EFBC}") = "Visitor", "src\Visitor\Visitor.csproj", "{14CC7A4B-0D25-4CD2-9C6C-327876F5118F}"
EndProject
Project("{FAE04EC0-301F-11D3-BF4B-00C04F79EFBC}") = "Observer", "src\Observer\Observer.csproj", "{2A68D4C7-BA09-4937-9069-581BEE324B90}"
EndProject
Project("{FAE04EC0-301F-11D3-BF4B-00C04F79EFBC}") = "Memento", "src\Memento\Memento.csproj", "{C02166F1-6150-4086-B648-ACB5B1BEB655}"
EndProject
Project("{FAE04EC0-301F-11D3-BF4B-00C04F79EFBC}") = "Mediator", "src\Mediator\Mediator.csproj", "{35A713F5-593F-4B7A-B7AD-ABD1A04C6F6E}"
EndProject
Project("{FAE04EC0-301F-11D3-BF4B-00C04F79EFBC}") = "Iterator", "src\Iterator\Iterator.csproj", "{6E76FFC1-6036-470B-9207-5FFE652B0354}"
EndProject
Project("{FAE04EC0-301F-11D3-BF4B-00C04F79EFBC}") = "Command", "src\Command\Command.csproj", "{5D4783F2-ABEC-4AD7-8414-3038C0C01AA7}"
EndProject
Project("{FAE04EC0-301F-11D3-BF4B-00C04F79EFBC}") = "ChainOfResponsibility", "src\ChainOfResponsibility\ChainOfResponsibility.csproj", "{0E2682ED-9601-4272-B421-88BE5F8176EB}"
EndProject
Global
	GlobalSection(SolutionConfigurationPlatforms) = preSolution
		Debug|Any CPU = Debug|Any CPU
		Release|Any CPU = Release|Any CPU
	EndGlobalSection
	GlobalSection(ProjectConfigurationPlatforms) = postSolution
		{67A9A365-9A48-4829-AE9F-48B2493822D6}.Debug|Any CPU.ActiveCfg = Debug|Any CPU
		{67A9A365-9A48-4829-AE9F-48B2493822D6}.Debug|Any CPU.Build.0 = Debug|Any CPU
		{67A9A365-9A48-4829-AE9F-48B2493822D6}.Release|Any CPU.ActiveCfg = Release|Any CPU
		{67A9A365-9A48-4829-AE9F-48B2493822D6}.Release|Any CPU.Build.0 = Release|Any CPU
		{31FA11F2-31F5-4B54-A870-3D381CD91030}.Debug|Any CPU.ActiveCfg = Debug|Any CPU
		{31FA11F2-31F5-4B54-A870-3D381CD91030}.Debug|Any CPU.Build.0 = Debug|Any CPU
		{31FA11F2-31F5-4B54-A870-3D381CD91030}.Release|Any CPU.ActiveCfg = Release|Any CPU
		{31FA11F2-31F5-4B54-A870-3D381CD91030}.Release|Any CPU.Build.0 = Release|Any CPU
		{93E8A5B2-A353-424B-A36C-678024A6C9B4}.Debug|Any CPU.ActiveCfg = Debug|Any CPU
		{93E8A5B2-A353-424B-A36C-678024A6C9B4}.Debug|Any CPU.Build.0 = Debug|Any CPU
		{93E8A5B2-A353-424B-A36C-678024A6C9B4}.Release|Any CPU.ActiveCfg = Release|Any CPU
		{93E8A5B2-A353-424B-A36C-678024A6C9B4}.Release|Any CPU.Build.0 = Release|Any CPU
		{14CC7A4B-0D25-4CD2-9C6C-327876F5118F}.Debug|Any CPU.ActiveCfg = Debug|Any CPU
		{14CC7A4B-0D25-4CD2-9C6C-327876F5118F}.Debug|Any CPU.Build.0 = Debug|Any CPU
		{14CC7A4B-0D25-4CD2-9C6C-327876F5118F}.Release|Any CPU.ActiveCfg = Release|Any CPU
		{14CC7A4B-0D25-4CD2-9C6C-327876F5118F}.Release|Any CPU.Build.0 = Release|Any CPU
		{2A68D4C7-BA09-4937-9069-581BEE324B90}.Debug|Any CPU.ActiveCfg = Debug|Any CPU
		{2A68D4C7-BA09-4937-9069-581BEE324B90}.Debug|Any CPU.Build.0 = Debug|Any CPU
		{2A68D4C7-BA09-4937-9069-581BEE324B90}.Release|Any CPU.ActiveCfg = Release|Any CPU
		{2A68D4C7-BA09-4937-9069-581BEE324B90}.Release|Any CPU.Build.0 = Release|Any CPU
		{C02166F1-6150-4086-B648-ACB5B1BEB655}.Debug|Any CPU.ActiveCfg = Debug|Any CPU
		{C02166F1-6150-4086-B648-ACB5B1BEB655}.Debug|Any CPU.Build.0 = Debug|Any CPU
		{C02166F1-6150-4086-B648-ACB5B1BEB655}.Release|Any CPU.ActiveCfg = Release|Any CPU
		{C02166F1-6150-4086-B648-ACB5B1BEB655}.Release|Any CPU.Build.0 = Release|Any CPU
		{35A713F5-593F-4B7A-B7AD-ABD1A04C6F6E}.Debug|Any CPU.ActiveCfg = Debug|Any CPU
		{35A713F5-593F-4B7A-B7AD-ABD1A04C6F6E}.Debug|Any CPU.Build.0 = Debug|Any CPU
		{35A713F5-593F-4B7A-B7AD-ABD1A04C6F6E}.Release|Any CPU.ActiveCfg = Release|Any CPU
		{35A713F5-593F-4B7A-B7AD-ABD1A04C6F6E}.Release|Any CPU.Build.0 = Release|Any CPU
		{6E76FFC1-6036-470B-9207-5FFE652B0354}.Debug|Any CPU.ActiveCfg = Debug|Any CPU
		{6E76FFC1-6036-470B-9207-5FFE652B0354}.Debug|Any CPU.Build.0 = Debug|Any CPU
		{6E76FFC1-6036-470B-9207-5FFE652B0354}.Release|Any CPU.ActiveCfg = Release|Any CPU
		{6E76FFC1-6036-470B-9207-5FFE652B0354}.Release|Any CPU.Build.0 = Release|Any CPU
		{5D4783F2-ABEC-4AD7-8414-3038C0C01AA7}.Debug|Any CPU.ActiveCfg = Debug|Any CPU
		{5D4783F2-ABEC-4AD7-8414-3038C0C01AA7}.Debug|Any CPU.Build.0 = Debug|Any CPU
		{5D4783F2-ABEC-4AD7-8414-3038C0C01AA7}.Release|Any CPU.ActiveCfg = Release|Any CPU
		{5D4783F2-ABEC-4AD7-8414-3038C0C01AA7}.Release|Any CPU.Build.0 = Release|Any CPU
		{0E2682ED-9601-4272-B421-88BE5F8176EB}.Debug|Any CPU.ActiveCfg = Debug|Any CPU
		{0E2682ED-9601-4272-B421-88BE5F8176EB}.Debug|Any CPU.Build.0 = Debug|Any CPU
		{0E2682ED-9601-4272-B421-88BE5F8176EB}.Release|Any CPU.ActiveCfg = Release|Any CPU
		{0E2682ED-9601-4272-B421-88BE5F8176EB}.Release|Any CPU.Build.0 = Release|Any CPU
	EndGlobalSection
	GlobalSection(SolutionProperties) = preSolution
		HideSolutionNode = FALSE
	EndGlobalSection
	GlobalSection(NestedProjects) = preSolution
		{67A9A365-9A48-4829-AE9F-48B2493822D6} = {CE6E219A-2834-4A3F-95FB-B6C3DE0F7623}
		{31FA11F2-31F5-4B54-A870-3D381CD91030} = {CE6E219A-2834-4A3F-95FB-B6C3DE0F7623}
		{93E8A5B2-A353-424B-A36C-678024A6C9B4} = {CE6E219A-2834-4A3F-95FB-B6C3DE0F7623}
		{14CC7A4B-0D25-4CD2-9C6C-327876F5118F} = {CE6E219A-2834-4A3F-95FB-B6C3DE0F7623}
		{2A68D4C7-BA09-4937-9069-581BEE324B90} = {CE6E219A-2834-4A3F-95FB-B6C3DE0F7623}
		{C02166F1-6150-4086-B648-ACB5B1BEB655} = {CE6E219A-2834-4A3F-95FB-B6C3DE0F7623}
		{35A713F5-593F-4B7A-B7AD-ABD1A04C6F6E} = {CE6E219A-2834-4A3F-95FB-B6C3DE0F7623}
		{6E76FFC1-6036-470B-9207-5FFE652B0354} = {CE6E219A-2834-4A3F-95FB-B6C3DE0F7623}
		{5D4783F2-ABEC-4AD7-8414-3038C0C01AA7} = {CE6E219A-2834-4A3F-95FB-B6C3DE0F7623}
		{0E2682ED-9601-4272-B421-88BE5F8176EB} = {CE6E219A-2834-4A3F-95FB-B6C3DE0F7623}
	EndGlobalSection
	GlobalSection(ExtensibilityGlobals) = postSolution
		SolutionGuid = {1D8498CD-8FBB-4A39-8955-F8EF8FD622A4}
	EndGlobalSection
EndGlobal
